{
  "nodes": {
    "nixpkgs": {
      "locked": {
        "lastModified": 0,
        "narHash": "sha256-b6PLr0Ty7JPDBtJtjnYzlBf02bbH9alWMAgispMkTwk=",
        "path": "/nix/store/qszplw617r895nbcprgyj139c9a3r0xs-source",
        "type": "path"
      },
      "original": {
        "id": "nixpkgs",
        "type": "indirect"
      }
    },
    "root": {
      "inputs": {
        "nixpkgs": "nixpkgs"
      }
    }
  },
  "root": "root",
  "version": 7
}
